// !$*UTF8*$!
{
	archiveVersion = 1;
	classes = {
	};
	objectVersion = 56;
	objects = {

/* Begin PBXBuildFile section */
		03ED0FCB7F7454552369558B /* Pods_WellBlog.framework in Frameworks */ = {isa = PBXBuildFile; fileRef = CAAE1923F9DD6EE5EA9E350E /* Pods_WellBlog.framework */; };
		223805262A437E3C00EDA662 /* AppDelegate.swift in Sources */ = {isa = PBXBuildFile; fileRef = 223805252A437E3C00EDA662 /* AppDelegate.swift */; };
		223805282A437E3C00EDA662 /* SceneDelegate.swift in Sources */ = {isa = PBXBuildFile; fileRef = 223805272A437E3C00EDA662 /* SceneDelegate.swift */; };
		2238052F2A437E3D00EDA662 /* Assets.xcassets in Resources */ = {isa = PBXBuildFile; fileRef = 2238052E2A437E3D00EDA662 /* Assets.xcassets */; };
		223805322A437E3D00EDA662 /* LaunchScreen.storyboard in Resources */ = {isa = PBXBuildFile; fileRef = 223805302A437E3D00EDA662 /* LaunchScreen.storyboard */; };
		2238053D2A437E3D00EDA662 /* WellBlogTests.swift in Sources */ = {isa = PBXBuildFile; fileRef = 2238053C2A437E3D00EDA662 /* WellBlogTests.swift */; };
		223805472A437E3D00EDA662 /* WellBlogUITests.swift in Sources */ = {isa = PBXBuildFile; fileRef = 223805462A437E3D00EDA662 /* WellBlogUITests.swift */; };
		223805492A437E3D00EDA662 /* WellBlogUITestsLaunchTests.swift in Sources */ = {isa = PBXBuildFile; fileRef = 223805482A437E3D00EDA662 /* WellBlogUITestsLaunchTests.swift */; };
		22DBF04D2A4386B400C0108C /* Coordinator.swift in Sources */ = {isa = PBXBuildFile; fileRef = 22DBF04C2A4386B400C0108C /* Coordinator.swift */; };
		22DBF04F2A4386D100C0108C /* Coordinator.App.swift in Sources */ = {isa = PBXBuildFile; fileRef = 22DBF04E2A4386D100C0108C /* Coordinator.App.swift */; };
		22DBF0512A438C8800C0108C /* Repository.swift in Sources */ = {isa = PBXBuildFile; fileRef = 22DBF0502A438C8800C0108C /* Repository.swift */; };
		22DBF0532A438C9F00C0108C /* Repository.Post.swift in Sources */ = {isa = PBXBuildFile; fileRef = 22DBF0522A438C9F00C0108C /* Repository.Post.swift */; };
		22DBF0572A438D3000C0108C /* APIHost.swift in Sources */ = {isa = PBXBuildFile; fileRef = 22DBF0562A438D3000C0108C /* APIHost.swift */; };
		22DBF0592A438DDC00C0108C /* APIProvider.swift in Sources */ = {isa = PBXBuildFile; fileRef = 22DBF0582A438DDC00C0108C /* APIProvider.swift */; };
		22DBF05B2A438DF600C0108C /* APITarget.swift in Sources */ = {isa = PBXBuildFile; fileRef = 22DBF05A2A438DF600C0108C /* APITarget.swift */; };
		22DBF05E2A438E5600C0108C /* Model.swift in Sources */ = {isa = PBXBuildFile; fileRef = 22DBF05D2A438E5600C0108C /* Model.swift */; };
		22DBF0602A43900700C0108C /* Worker.swift in Sources */ = {isa = PBXBuildFile; fileRef = 22DBF05F2A43900700C0108C /* Worker.swift */; };
		22DBF0632A43902C00C0108C /* MoyaResponse+Map.swift in Sources */ = {isa = PBXBuildFile; fileRef = 22DBF0622A43902C00C0108C /* MoyaResponse+Map.swift */; };
		22DBF0672A43905D00C0108C /* Model.NewPost.swift in Sources */ = {isa = PBXBuildFile; fileRef = 22DBF0662A43905D00C0108C /* Model.NewPost.swift */; };
		22DBF0692A4390E100C0108C /* Worker.Post.swift in Sources */ = {isa = PBXBuildFile; fileRef = 22DBF0682A4390E100C0108C /* Worker.Post.swift */; };
		22DBF06C2A4391FB00C0108C /* Model.Post.swift in Sources */ = {isa = PBXBuildFile; fileRef = 22DBF06B2A4391FB00C0108C /* Model.Post.swift */; };
		5ECD3ADA247DF6A303434188 /* Pods_WellBlogUITests.framework in Frameworks */ = {isa = PBXBuildFile; fileRef = DFDBA100E8677C8BCAAA35D2 /* Pods_WellBlogUITests.framework */; };
		71437B6F512CF0F070CBE16D /* Pods_WellBlogTests.framework in Frameworks */ = {isa = PBXBuildFile; fileRef = C7EAB097DA8CB337BEFE25CE /* Pods_WellBlogTests.framework */; };
/* End PBXBuildFile section */

/* Begin PBXContainerItemProxy section */
		223805392A437E3D00EDA662 /* PBXContainerItemProxy */ = {
			isa = PBXContainerItemProxy;
			containerPortal = 2238051A2A437E3C00EDA662 /* Project object */;
			proxyType = 1;
			remoteGlobalIDString = 223805212A437E3C00EDA662;
			remoteInfo = WellBlog;
		};
		223805432A437E3D00EDA662 /* PBXContainerItemProxy */ = {
			isa = PBXContainerItemProxy;
			containerPortal = 2238051A2A437E3C00EDA662 /* Project object */;
			proxyType = 1;
			remoteGlobalIDString = 223805212A437E3C00EDA662;
			remoteInfo = WellBlog;
		};
/* End PBXContainerItemProxy section */

/* Begin PBXFileReference section */
		1BD4713C684115A53D8B470F /* Pods-WellBlogTests.debug.xcconfig */ = {isa = PBXFileReference; includeInIndex = 1; lastKnownFileType = text.xcconfig; name = "Pods-WellBlogTests.debug.xcconfig"; path = "Target Support Files/Pods-WellBlogTests/Pods-WellBlogTests.debug.xcconfig"; sourceTree = "<group>"; };
		223805222A437E3C00EDA662 /* WellBlog.app */ = {isa = PBXFileReference; explicitFileType = wrapper.application; includeInIndex = 0; path = WellBlog.app; sourceTree = BUILT_PRODUCTS_DIR; };
		223805252A437E3C00EDA662 /* AppDelegate.swift */ = {isa = PBXFileReference; lastKnownFileType = sourcecode.swift; path = AppDelegate.swift; sourceTree = "<group>"; };
		223805272A437E3C00EDA662 /* SceneDelegate.swift */ = {isa = PBXFileReference; lastKnownFileType = sourcecode.swift; path = SceneDelegate.swift; sourceTree = "<group>"; };
		2238052E2A437E3D00EDA662 /* Assets.xcassets */ = {isa = PBXFileReference; lastKnownFileType = folder.assetcatalog; path = Assets.xcassets; sourceTree = "<group>"; };
		223805312A437E3D00EDA662 /* Base */ = {isa = PBXFileReference; lastKnownFileType = file.storyboard; name = Base; path = Base.lproj/LaunchScreen.storyboard; sourceTree = "<group>"; };
		223805332A437E3D00EDA662 /* Info.plist */ = {isa = PBXFileReference; lastKnownFileType = text.plist.xml; path = Info.plist; sourceTree = "<group>"; };
		223805382A437E3D00EDA662 /* WellBlogTests.xctest */ = {isa = PBXFileReference; explicitFileType = wrapper.cfbundle; includeInIndex = 0; path = WellBlogTests.xctest; sourceTree = BUILT_PRODUCTS_DIR; };
		2238053C2A437E3D00EDA662 /* WellBlogTests.swift */ = {isa = PBXFileReference; lastKnownFileType = sourcecode.swift; path = WellBlogTests.swift; sourceTree = "<group>"; };
		223805422A437E3D00EDA662 /* WellBlogUITests.xctest */ = {isa = PBXFileReference; explicitFileType = wrapper.cfbundle; includeInIndex = 0; path = WellBlogUITests.xctest; sourceTree = BUILT_PRODUCTS_DIR; };
		223805462A437E3D00EDA662 /* WellBlogUITests.swift */ = {isa = PBXFileReference; lastKnownFileType = sourcecode.swift; path = WellBlogUITests.swift; sourceTree = "<group>"; };
		223805482A437E3D00EDA662 /* WellBlogUITestsLaunchTests.swift */ = {isa = PBXFileReference; lastKnownFileType = sourcecode.swift; path = WellBlogUITestsLaunchTests.swift; sourceTree = "<group>"; };
		22DBF04C2A4386B400C0108C /* Coordinator.swift */ = {isa = PBXFileReference; lastKnownFileType = sourcecode.swift; path = Coordinator.swift; sourceTree = "<group>"; };
		22DBF04E2A4386D100C0108C /* Coordinator.App.swift */ = {isa = PBXFileReference; lastKnownFileType = sourcecode.swift; path = Coordinator.App.swift; sourceTree = "<group>"; };
		22DBF0502A438C8800C0108C /* Repository.swift */ = {isa = PBXFileReference; lastKnownFileType = sourcecode.swift; path = Repository.swift; sourceTree = "<group>"; };
		22DBF0522A438C9F00C0108C /* Repository.Post.swift */ = {isa = PBXFileReference; lastKnownFileType = sourcecode.swift; path = Repository.Post.swift; sourceTree = "<group>"; };
		22DBF0562A438D3000C0108C /* APIHost.swift */ = {isa = PBXFileReference; lastKnownFileType = sourcecode.swift; path = APIHost.swift; sourceTree = "<group>"; };
		22DBF0582A438DDC00C0108C /* APIProvider.swift */ = {isa = PBXFileReference; lastKnownFileType = sourcecode.swift; path = APIProvider.swift; sourceTree = "<group>"; };
		22DBF05A2A438DF600C0108C /* APITarget.swift */ = {isa = PBXFileReference; lastKnownFileType = sourcecode.swift; path = APITarget.swift; sourceTree = "<group>"; };
		22DBF05D2A438E5600C0108C /* Model.swift */ = {isa = PBXFileReference; lastKnownFileType = sourcecode.swift; path = Model.swift; sourceTree = "<group>"; };
		22DBF05F2A43900700C0108C /* Worker.swift */ = {isa = PBXFileReference; lastKnownFileType = sourcecode.swift; path = Worker.swift; sourceTree = "<group>"; };
		22DBF0622A43902C00C0108C /* MoyaResponse+Map.swift */ = {isa = PBXFileReference; lastKnownFileType = sourcecode.swift; path = "MoyaResponse+Map.swift"; sourceTree = "<group>"; };
		22DBF0662A43905D00C0108C /* Model.NewPost.swift */ = {isa = PBXFileReference; lastKnownFileType = sourcecode.swift; path = Model.NewPost.swift; sourceTree = "<group>"; };
		22DBF0682A4390E100C0108C /* Worker.Post.swift */ = {isa = PBXFileReference; lastKnownFileType = sourcecode.swift; path = Worker.Post.swift; sourceTree = "<group>"; };
		22DBF06B2A4391FB00C0108C /* Model.Post.swift */ = {isa = PBXFileReference; lastKnownFileType = sourcecode.swift; path = Model.Post.swift; sourceTree = "<group>"; };
		5E8635D8A6E3038278C2D905 /* Pods-WellBlog.release.xcconfig */ = {isa = PBXFileReference; includeInIndex = 1; lastKnownFileType = text.xcconfig; name = "Pods-WellBlog.release.xcconfig"; path = "Target Support Files/Pods-WellBlog/Pods-WellBlog.release.xcconfig"; sourceTree = "<group>"; };
		8F473A0515ED83214FB2ABE4 /* Pods-WellBlogUITests.debug.xcconfig */ = {isa = PBXFileReference; includeInIndex = 1; lastKnownFileType = text.xcconfig; name = "Pods-WellBlogUITests.debug.xcconfig"; path = "Target Support Files/Pods-WellBlogUITests/Pods-WellBlogUITests.debug.xcconfig"; sourceTree = "<group>"; };
		C7EAB097DA8CB337BEFE25CE /* Pods_WellBlogTests.framework */ = {isa = PBXFileReference; explicitFileType = wrapper.framework; includeInIndex = 0; path = Pods_WellBlogTests.framework; sourceTree = BUILT_PRODUCTS_DIR; };
		C8BB307AE506FA366C8E849C /* Pods-WellBlogUITests.release.xcconfig */ = {isa = PBXFileReference; includeInIndex = 1; lastKnownFileType = text.xcconfig; name = "Pods-WellBlogUITests.release.xcconfig"; path = "Target Support Files/Pods-WellBlogUITests/Pods-WellBlogUITests.release.xcconfig"; sourceTree = "<group>"; };
		C9BB5FD4A9532D4A8B6F1BFF /* Pods-WellBlogTests.release.xcconfig */ = {isa = PBXFileReference; includeInIndex = 1; lastKnownFileType = text.xcconfig; name = "Pods-WellBlogTests.release.xcconfig"; path = "Target Support Files/Pods-WellBlogTests/Pods-WellBlogTests.release.xcconfig"; sourceTree = "<group>"; };
		CAAE1923F9DD6EE5EA9E350E /* Pods_WellBlog.framework */ = {isa = PBXFileReference; explicitFileType = wrapper.framework; includeInIndex = 0; path = Pods_WellBlog.framework; sourceTree = BUILT_PRODUCTS_DIR; };
		DB4413761FF19C5195B6EFF2 /* Pods-WellBlog.debug.xcconfig */ = {isa = PBXFileReference; includeInIndex = 1; lastKnownFileType = text.xcconfig; name = "Pods-WellBlog.debug.xcconfig"; path = "Target Support Files/Pods-WellBlog/Pods-WellBlog.debug.xcconfig"; sourceTree = "<group>"; };
		DFDBA100E8677C8BCAAA35D2 /* Pods_WellBlogUITests.framework */ = {isa = PBXFileReference; explicitFileType = wrapper.framework; includeInIndex = 0; path = Pods_WellBlogUITests.framework; sourceTree = BUILT_PRODUCTS_DIR; };
/* End PBXFileReference section */

/* Begin PBXFrameworksBuildPhase section */
		2238051F2A437E3C00EDA662 /* Frameworks */ = {
			isa = PBXFrameworksBuildPhase;
			buildActionMask = 2147483647;
			files = (
				03ED0FCB7F7454552369558B /* Pods_WellBlog.framework in Frameworks */,
			);
			runOnlyForDeploymentPostprocessing = 0;
		};
		223805352A437E3D00EDA662 /* Frameworks */ = {
			isa = PBXFrameworksBuildPhase;
			buildActionMask = 2147483647;
			files = (
				71437B6F512CF0F070CBE16D /* Pods_WellBlogTests.framework in Frameworks */,
			);
			runOnlyForDeploymentPostprocessing = 0;
		};
		2238053F2A437E3D00EDA662 /* Frameworks */ = {
			isa = PBXFrameworksBuildPhase;
			buildActionMask = 2147483647;
			files = (
				5ECD3ADA247DF6A303434188 /* Pods_WellBlogUITests.framework in Frameworks */,
			);
			runOnlyForDeploymentPostprocessing = 0;
		};
/* End PBXFrameworksBuildPhase section */

/* Begin PBXGroup section */
		180873474A6FB315DF0872B5 /* Frameworks */ = {
			isa = PBXGroup;
			children = (
				CAAE1923F9DD6EE5EA9E350E /* Pods_WellBlog.framework */,
				C7EAB097DA8CB337BEFE25CE /* Pods_WellBlogTests.framework */,
				DFDBA100E8677C8BCAAA35D2 /* Pods_WellBlogUITests.framework */,
			);
			name = Frameworks;
			sourceTree = "<group>";
		};
		223805192A437E3C00EDA662 = {
			isa = PBXGroup;
			children = (
				223805242A437E3C00EDA662 /* WellBlog */,
				2238053B2A437E3D00EDA662 /* WellBlogTests */,
				223805452A437E3D00EDA662 /* WellBlogUITests */,
				223805232A437E3C00EDA662 /* Products */,
				D5668F2840A422BED504B64A /* Pods */,
				180873474A6FB315DF0872B5 /* Frameworks */,
			);
			sourceTree = "<group>";
		};
		223805232A437E3C00EDA662 /* Products */ = {
			isa = PBXGroup;
			children = (
				223805222A437E3C00EDA662 /* WellBlog.app */,
				223805382A437E3D00EDA662 /* WellBlogTests.xctest */,
				223805422A437E3D00EDA662 /* WellBlogUITests.xctest */,
			);
			name = Products;
			sourceTree = "<group>";
		};
		223805242A437E3C00EDA662 /* WellBlog */ = {
			isa = PBXGroup;
			children = (
				22DBF0472A4385E100C0108C /* API */,
				22DBF0482A4385E600C0108C /* Core */,
				22DBF0492A4385EA00C0108C /* Scenes */,
				22DBF04A2A4385EF00C0108C /* Support Files */,
				223805252A437E3C00EDA662 /* AppDelegate.swift */,
				223805272A437E3C00EDA662 /* SceneDelegate.swift */,
			);
			path = WellBlog;
			sourceTree = "<group>";
		};
		2238053B2A437E3D00EDA662 /* WellBlogTests */ = {
			isa = PBXGroup;
			children = (
				2238053C2A437E3D00EDA662 /* WellBlogTests.swift */,
			);
			path = WellBlogTests;
			sourceTree = "<group>";
		};
		223805452A437E3D00EDA662 /* WellBlogUITests */ = {
			isa = PBXGroup;
			children = (
				223805462A437E3D00EDA662 /* WellBlogUITests.swift */,
				223805482A437E3D00EDA662 /* WellBlogUITestsLaunchTests.swift */,
			);
			path = WellBlogUITests;
			sourceTree = "<group>";
		};
		22DBF0472A4385E100C0108C /* API */ = {
			isa = PBXGroup;
			children = (
				22DBF0542A438D0100C0108C /* Repository */,
				22DBF0552A438D0A00C0108C /* Setup */,
				22DBF05F2A43900700C0108C /* Worker.swift */,
			);
			path = API;
			sourceTree = "<group>";
		};
		22DBF0482A4385E600C0108C /* Core */ = {
			isa = PBXGroup;
			children = (
				22DBF04B2A4386A300C0108C /* Coordinator */,
				22DBF0612A43901800C0108C /* Extensions */,
				22DBF05C2A438E3F00C0108C /* Model */,
			);
			path = Core;
			sourceTree = "<group>";
		};
		22DBF0492A4385EA00C0108C /* Scenes */ = {
			isa = PBXGroup;
			children = (
				22DBF0642A43904C00C0108C /* Post */,
			);
			path = Scenes;
			sourceTree = "<group>";
		};
		22DBF04A2A4385EF00C0108C /* Support Files */ = {
			isa = PBXGroup;
			children = (
				2238052E2A437E3D00EDA662 /* Assets.xcassets */,
				223805302A437E3D00EDA662 /* LaunchScreen.storyboard */,
				223805332A437E3D00EDA662 /* Info.plist */,
			);
			path = "Support Files";
			sourceTree = "<group>";
		};
		22DBF04B2A4386A300C0108C /* Coordinator */ = {
			isa = PBXGroup;
			children = (
				22DBF04C2A4386B400C0108C /* Coordinator.swift */,
				22DBF04E2A4386D100C0108C /* Coordinator.App.swift */,
			);
			path = Coordinator;
			sourceTree = "<group>";
		};
		22DBF0542A438D0100C0108C /* Repository */ = {
			isa = PBXGroup;
			children = (
				22DBF0502A438C8800C0108C /* Repository.swift */,
				22DBF0522A438C9F00C0108C /* Repository.Post.swift */,
			);
			path = Repository;
			sourceTree = "<group>";
		};
		22DBF0552A438D0A00C0108C /* Setup */ = {
			isa = PBXGroup;
			children = (
				22DBF0562A438D3000C0108C /* APIHost.swift */,
				22DBF0582A438DDC00C0108C /* APIProvider.swift */,
				22DBF05A2A438DF600C0108C /* APITarget.swift */,
			);
			path = Setup;
			sourceTree = "<group>";
		};
		22DBF05C2A438E3F00C0108C /* Model */ = {
			isa = PBXGroup;
			children = (
				22DBF05D2A438E5600C0108C /* Model.swift */,
			);
			path = Model;
			sourceTree = "<group>";
		};
		22DBF0612A43901800C0108C /* Extensions */ = {
			isa = PBXGroup;
			children = (
				22DBF0622A43902C00C0108C /* MoyaResponse+Map.swift */,
			);
			path = Extensions;
			sourceTree = "<group>";
		};
		22DBF0642A43904C00C0108C /* Post */ = {
			isa = PBXGroup;
			children = (
				22DBF0652A43905300C0108C /* Model */,
				22DBF0682A4390E100C0108C /* Worker.Post.swift */,
			);
			path = Post;
			sourceTree = "<group>";
		};
		22DBF0652A43905300C0108C /* Model */ = {
			isa = PBXGroup;
			children = (
				22DBF0662A43905D00C0108C /* Model.NewPost.swift */,
				22DBF06B2A4391FB00C0108C /* Model.Post.swift */,
			);
			path = Model;
			sourceTree = "<group>";
		};
		D5668F2840A422BED504B64A /* Pods */ = {
			isa = PBXGroup;
			children = (
				DB4413761FF19C5195B6EFF2 /* Pods-WellBlog.debug.xcconfig */,
				5E8635D8A6E3038278C2D905 /* Pods-WellBlog.release.xcconfig */,
				1BD4713C684115A53D8B470F /* Pods-WellBlogTests.debug.xcconfig */,
				C9BB5FD4A9532D4A8B6F1BFF /* Pods-WellBlogTests.release.xcconfig */,
				8F473A0515ED83214FB2ABE4 /* Pods-WellBlogUITests.debug.xcconfig */,
				C8BB307AE506FA366C8E849C /* Pods-WellBlogUITests.release.xcconfig */,
			);
			path = Pods;
			sourceTree = "<group>";
		};
/* End PBXGroup section */

/* Begin PBXNativeTarget section */
		223805212A437E3C00EDA662 /* WellBlog */ = {
			isa = PBXNativeTarget;
			buildConfigurationList = 2238054C2A437E3D00EDA662 /* Build configuration list for PBXNativeTarget "WellBlog" */;
			buildPhases = (
				CAB1D2C8176027663B11A251 /* [CP] Check Pods Manifest.lock */,
				2238051E2A437E3C00EDA662 /* Sources */,
				2238051F2A437E3C00EDA662 /* Frameworks */,
				223805202A437E3C00EDA662 /* Resources */,
				0F01C0FB212E6B6235BBDF18 /* [CP] Embed Pods Frameworks */,
			);
			buildRules = (
			);
			dependencies = (
			);
			name = WellBlog;
			productName = WellBlog;
			productReference = 223805222A437E3C00EDA662 /* WellBlog.app */;
			productType = "com.apple.product-type.application";
		};
		223805372A437E3D00EDA662 /* WellBlogTests */ = {
			isa = PBXNativeTarget;
			buildConfigurationList = 2238054F2A437E3D00EDA662 /* Build configuration list for PBXNativeTarget "WellBlogTests" */;
			buildPhases = (
				829EB8E3574C4F580203D0E4 /* [CP] Check Pods Manifest.lock */,
				223805342A437E3D00EDA662 /* Sources */,
				223805352A437E3D00EDA662 /* Frameworks */,
				223805362A437E3D00EDA662 /* Resources */,
			);
			buildRules = (
			);
			dependencies = (
				2238053A2A437E3D00EDA662 /* PBXTargetDependency */,
			);
			name = WellBlogTests;
			productName = WellBlogTests;
			productReference = 223805382A437E3D00EDA662 /* WellBlogTests.xctest */;
			productType = "com.apple.product-type.bundle.unit-test";
		};
		223805412A437E3D00EDA662 /* WellBlogUITests */ = {
			isa = PBXNativeTarget;
			buildConfigurationList = 223805522A437E3D00EDA662 /* Build configuration list for PBXNativeTarget "WellBlogUITests" */;
			buildPhases = (
				C2E7E35EC4EAE168EBBCB0FC /* [CP] Check Pods Manifest.lock */,
				2238053E2A437E3D00EDA662 /* Sources */,
				2238053F2A437E3D00EDA662 /* Frameworks */,
				223805402A437E3D00EDA662 /* Resources */,
			);
			buildRules = (
			);
			dependencies = (
				223805442A437E3D00EDA662 /* PBXTargetDependency */,
			);
			name = WellBlogUITests;
			productName = WellBlogUITests;
			productReference = 223805422A437E3D00EDA662 /* WellBlogUITests.xctest */;
			productType = "com.apple.product-type.bundle.ui-testing";
		};
/* End PBXNativeTarget section */

/* Begin PBXProject section */
		2238051A2A437E3C00EDA662 /* Project object */ = {
			isa = PBXProject;
			attributes = {
				BuildIndependentTargetsInParallel = 1;
				LastSwiftUpdateCheck = 1430;
				LastUpgradeCheck = 1430;
				TargetAttributes = {
					223805212A437E3C00EDA662 = {
						CreatedOnToolsVersion = 14.3.1;
					};
					223805372A437E3D00EDA662 = {
						CreatedOnToolsVersion = 14.3.1;
						TestTargetID = 223805212A437E3C00EDA662;
					};
					223805412A437E3D00EDA662 = {
						CreatedOnToolsVersion = 14.3.1;
						TestTargetID = 223805212A437E3C00EDA662;
					};
				};
			};
			buildConfigurationList = 2238051D2A437E3C00EDA662 /* Build configuration list for PBXProject "WellBlog" */;
			compatibilityVersion = "Xcode 14.0";
			developmentRegion = en;
			hasScannedForEncodings = 0;
			knownRegions = (
				en,
				Base,
			);
			mainGroup = 223805192A437E3C00EDA662;
			productRefGroup = 223805232A437E3C00EDA662 /* Products */;
			projectDirPath = "";
			projectRoot = "";
			targets = (
				223805212A437E3C00EDA662 /* WellBlog */,
				223805372A437E3D00EDA662 /* WellBlogTests */,
				223805412A437E3D00EDA662 /* WellBlogUITests */,
			);
		};
/* End PBXProject section */

/* Begin PBXResourcesBuildPhase section */
		223805202A437E3C00EDA662 /* Resources */ = {
			isa = PBXResourcesBuildPhase;
			buildActionMask = 2147483647;
			files = (
				223805322A437E3D00EDA662 /* LaunchScreen.storyboard in Resources */,
				2238052F2A437E3D00EDA662 /* Assets.xcassets in Resources */,
			);
			runOnlyForDeploymentPostprocessing = 0;
		};
		223805362A437E3D00EDA662 /* Resources */ = {
			isa = PBXResourcesBuildPhase;
			buildActionMask = 2147483647;
			files = (
			);
			runOnlyForDeploymentPostprocessing = 0;
		};
		223805402A437E3D00EDA662 /* Resources */ = {
			isa = PBXResourcesBuildPhase;
			buildActionMask = 2147483647;
			files = (
			);
			runOnlyForDeploymentPostprocessing = 0;
		};
/* End PBXResourcesBuildPhase section */

/* Begin PBXShellScriptBuildPhase section */
		0F01C0FB212E6B6235BBDF18 /* [CP] Embed Pods Frameworks */ = {
			isa = PBXShellScriptBuildPhase;
			buildActionMask = 2147483647;
			files = (
			);
			inputFileListPaths = (
				"${PODS_ROOT}/Target Support Files/Pods-WellBlog/Pods-WellBlog-frameworks-${CONFIGURATION}-input-files.xcfilelist",
			);
			name = "[CP] Embed Pods Frameworks";
			outputFileListPaths = (
				"${PODS_ROOT}/Target Support Files/Pods-WellBlog/Pods-WellBlog-frameworks-${CONFIGURATION}-output-files.xcfilelist",
			);
			runOnlyForDeploymentPostprocessing = 0;
			shellPath = /bin/sh;
			shellScript = "\"${PODS_ROOT}/Target Support Files/Pods-WellBlog/Pods-WellBlog-frameworks.sh\"\n";
			showEnvVarsInLog = 0;
		};
		829EB8E3574C4F580203D0E4 /* [CP] Check Pods Manifest.lock */ = {
			isa = PBXShellScriptBuildPhase;
			buildActionMask = 2147483647;
			files = (
			);
			inputFileListPaths = (
			);
			inputPaths = (
				"${PODS_PODFILE_DIR_PATH}/Podfile.lock",
				"${PODS_ROOT}/Manifest.lock",
			);
			name = "[CP] Check Pods Manifest.lock";
			outputFileListPaths = (
			);
			outputPaths = (
				"$(DERIVED_FILE_DIR)/Pods-WellBlogTests-checkManifestLockResult.txt",
			);
			runOnlyForDeploymentPostprocessing = 0;
			shellPath = /bin/sh;
			shellScript = "diff \"${PODS_PODFILE_DIR_PATH}/Podfile.lock\" \"${PODS_ROOT}/Manifest.lock\" > /dev/null\nif [ $? != 0 ] ; then\n    # print error to STDERR\n    echo \"error: The sandbox is not in sync with the Podfile.lock. Run 'pod install' or update your CocoaPods installation.\" >&2\n    exit 1\nfi\n# This output is used by Xcode 'outputs' to avoid re-running this script phase.\necho \"SUCCESS\" > \"${SCRIPT_OUTPUT_FILE_0}\"\n";
			showEnvVarsInLog = 0;
		};
		C2E7E35EC4EAE168EBBCB0FC /* [CP] Check Pods Manifest.lock */ = {
			isa = PBXShellScriptBuildPhase;
			buildActionMask = 2147483647;
			files = (
			);
			inputFileListPaths = (
			);
			inputPaths = (
				"${PODS_PODFILE_DIR_PATH}/Podfile.lock",
				"${PODS_ROOT}/Manifest.lock",
			);
			name = "[CP] Check Pods Manifest.lock";
			outputFileListPaths = (
			);
			outputPaths = (
				"$(DERIVED_FILE_DIR)/Pods-WellBlogUITests-checkManifestLockResult.txt",
			);
			runOnlyForDeploymentPostprocessing = 0;
			shellPath = /bin/sh;
			shellScript = "diff \"${PODS_PODFILE_DIR_PATH}/Podfile.lock\" \"${PODS_ROOT}/Manifest.lock\" > /dev/null\nif [ $? != 0 ] ; then\n    # print error to STDERR\n    echo \"error: The sandbox is not in sync with the Podfile.lock. Run 'pod install' or update your CocoaPods installation.\" >&2\n    exit 1\nfi\n# This output is used by Xcode 'outputs' to avoid re-running this script phase.\necho \"SUCCESS\" > \"${SCRIPT_OUTPUT_FILE_0}\"\n";
			showEnvVarsInLog = 0;
		};
		CAB1D2C8176027663B11A251 /* [CP] Check Pods Manifest.lock */ = {
			isa = PBXShellScriptBuildPhase;
			buildActionMask = 2147483647;
			files = (
			);
			inputFileListPaths = (
			);
			inputPaths = (
				"${PODS_PODFILE_DIR_PATH}/Podfile.lock",
				"${PODS_ROOT}/Manifest.lock",
			);
			name = "[CP] Check Pods Manifest.lock";
			outputFileListPaths = (
			);
			outputPaths = (
				"$(DERIVED_FILE_DIR)/Pods-WellBlog-checkManifestLockResult.txt",
			);
			runOnlyForDeploymentPostprocessing = 0;
			shellPath = /bin/sh;
			shellScript = "diff \"${PODS_PODFILE_DIR_PATH}/Podfile.lock\" \"${PODS_ROOT}/Manifest.lock\" > /dev/null\nif [ $? != 0 ] ; then\n    # print error to STDERR\n    echo \"error: The sandbox is not in sync with the Podfile.lock. Run 'pod install' or update your CocoaPods installation.\" >&2\n    exit 1\nfi\n# This output is used by Xcode 'outputs' to avoid re-running this script phase.\necho \"SUCCESS\" > \"${SCRIPT_OUTPUT_FILE_0}\"\n";
			showEnvVarsInLog = 0;
		};
/* End PBXShellScriptBuildPhase section */

/* Begin PBXSourcesBuildPhase section */
		2238051E2A437E3C00EDA662 /* Sources */ = {
			isa = PBXSourcesBuildPhase;
			buildActionMask = 2147483647;
			files = (
				22DBF0692A4390E100C0108C /* Worker.Post.swift in Sources */,
				223805262A437E3C00EDA662 /* AppDelegate.swift in Sources */,
				22DBF0592A438DDC00C0108C /* APIProvider.swift in Sources */,
				223805282A437E3C00EDA662 /* SceneDelegate.swift in Sources */,
				22DBF0632A43902C00C0108C /* MoyaResponse+Map.swift in Sources */,
				22DBF0512A438C8800C0108C /* Repository.swift in Sources */,
				22DBF06C2A4391FB00C0108C /* Model.Post.swift in Sources */,
				22DBF04D2A4386B400C0108C /* Coordinator.swift in Sources */,
				22DBF0672A43905D00C0108C /* Model.NewPost.swift in Sources */,
				22DBF05E2A438E5600C0108C /* Model.swift in Sources */,
				22DBF05B2A438DF600C0108C /* APITarget.swift in Sources */,
				22DBF0532A438C9F00C0108C /* Repository.Post.swift in Sources */,
				22DBF0572A438D3000C0108C /* APIHost.swift in Sources */,
				22DBF0602A43900700C0108C /* Worker.swift in Sources */,
				22DBF04F2A4386D100C0108C /* Coordinator.App.swift in Sources */,
			);
			runOnlyForDeploymentPostprocessing = 0;
		};
		223805342A437E3D00EDA662 /* Sources */ = {
			isa = PBXSourcesBuildPhase;
			buildActionMask = 2147483647;
			files = (
				2238053D2A437E3D00EDA662 /* WellBlogTests.swift in Sources */,
			);
			runOnlyForDeploymentPostprocessing = 0;
		};
		2238053E2A437E3D00EDA662 /* Sources */ = {
			isa = PBXSourcesBuildPhase;
			buildActionMask = 2147483647;
			files = (
				223805492A437E3D00EDA662 /* WellBlogUITestsLaunchTests.swift in Sources */,
				223805472A437E3D00EDA662 /* WellBlogUITests.swift in Sources */,
			);
			runOnlyForDeploymentPostprocessing = 0;
		};
/* End PBXSourcesBuildPhase section */

/* Begin PBXTargetDependency section */
		2238053A2A437E3D00EDA662 /* PBXTargetDependency */ = {
			isa = PBXTargetDependency;
			target = 223805212A437E3C00EDA662 /* WellBlog */;
			targetProxy = 223805392A437E3D00EDA662 /* PBXContainerItemProxy */;
		};
		223805442A437E3D00EDA662 /* PBXTargetDependency */ = {
			isa = PBXTargetDependency;
			target = 223805212A437E3C00EDA662 /* WellBlog */;
			targetProxy = 223805432A437E3D00EDA662 /* PBXContainerItemProxy */;
		};
/* End PBXTargetDependency section */

/* Begin PBXVariantGroup section */
		223805302A437E3D00EDA662 /* LaunchScreen.storyboard */ = {
			isa = PBXVariantGroup;
			children = (
				223805312A437E3D00EDA662 /* Base */,
			);
			name = LaunchScreen.storyboard;
			sourceTree = "<group>";
		};
/* End PBXVariantGroup section */

/* Begin XCBuildConfiguration section */
		2238054A2A437E3D00EDA662 /* Debug */ = {
			isa = XCBuildConfiguration;
			buildSettings = {
				ALWAYS_SEARCH_USER_PATHS = NO;
				CLANG_ANALYZER_NONNULL = YES;
				CLANG_ANALYZER_NUMBER_OBJECT_CONVERSION = YES_AGGRESSIVE;
				CLANG_CXX_LANGUAGE_STANDARD = "gnu++20";
				CLANG_ENABLE_MODULES = YES;
				CLANG_ENABLE_OBJC_ARC = YES;
				CLANG_ENABLE_OBJC_WEAK = YES;
				CLANG_WARN_BLOCK_CAPTURE_AUTORELEASING = YES;
				CLANG_WARN_BOOL_CONVERSION = YES;
				CLANG_WARN_COMMA = YES;
				CLANG_WARN_CONSTANT_CONVERSION = YES;
				CLANG_WARN_DEPRECATED_OBJC_IMPLEMENTATIONS = YES;
				CLANG_WARN_DIRECT_OBJC_ISA_USAGE = YES_ERROR;
				CLANG_WARN_DOCUMENTATION_COMMENTS = YES;
				CLANG_WARN_EMPTY_BODY = YES;
				CLANG_WARN_ENUM_CONVERSION = YES;
				CLANG_WARN_INFINITE_RECURSION = YES;
				CLANG_WARN_INT_CONVERSION = YES;
				CLANG_WARN_NON_LITERAL_NULL_CONVERSION = YES;
				CLANG_WARN_OBJC_IMPLICIT_RETAIN_SELF = YES;
				CLANG_WARN_OBJC_LITERAL_CONVERSION = YES;
				CLANG_WARN_OBJC_ROOT_CLASS = YES_ERROR;
				CLANG_WARN_QUOTED_INCLUDE_IN_FRAMEWORK_HEADER = YES;
				CLANG_WARN_RANGE_LOOP_ANALYSIS = YES;
				CLANG_WARN_STRICT_PROTOTYPES = YES;
				CLANG_WARN_SUSPICIOUS_MOVE = YES;
				CLANG_WARN_UNGUARDED_AVAILABILITY = YES_AGGRESSIVE;
				CLANG_WARN_UNREACHABLE_CODE = YES;
				CLANG_WARN__DUPLICATE_METHOD_MATCH = YES;
				COPY_PHASE_STRIP = NO;
				DEBUG_INFORMATION_FORMAT = dwarf;
				ENABLE_STRICT_OBJC_MSGSEND = YES;
				ENABLE_TESTABILITY = YES;
				GCC_C_LANGUAGE_STANDARD = gnu11;
				GCC_DYNAMIC_NO_PIC = NO;
				GCC_NO_COMMON_BLOCKS = YES;
				GCC_OPTIMIZATION_LEVEL = 0;
				GCC_PREPROCESSOR_DEFINITIONS = (
					"DEBUG=1",
					"$(inherited)",
				);
				GCC_WARN_64_TO_32_BIT_CONVERSION = YES;
				GCC_WARN_ABOUT_RETURN_TYPE = YES_ERROR;
				GCC_WARN_UNDECLARED_SELECTOR = YES;
				GCC_WARN_UNINITIALIZED_AUTOS = YES_AGGRESSIVE;
				GCC_WARN_UNUSED_FUNCTION = YES;
				GCC_WARN_UNUSED_VARIABLE = YES;
				IPHONEOS_DEPLOYMENT_TARGET = 16.4;
				MTL_ENABLE_DEBUG_INFO = INCLUDE_SOURCE;
				MTL_FAST_MATH = YES;
				ONLY_ACTIVE_ARCH = YES;
				SDKROOT = iphoneos;
				SWIFT_ACTIVE_COMPILATION_CONDITIONS = DEBUG;
				SWIFT_OPTIMIZATION_LEVEL = "-Onone";
			};
			name = Debug;
		};
		2238054B2A437E3D00EDA662 /* Release */ = {
			isa = XCBuildConfiguration;
			buildSettings = {
				ALWAYS_SEARCH_USER_PATHS = NO;
				CLANG_ANALYZER_NONNULL = YES;
				CLANG_ANALYZER_NUMBER_OBJECT_CONVERSION = YES_AGGRESSIVE;
				CLANG_CXX_LANGUAGE_STANDARD = "gnu++20";
				CLANG_ENABLE_MODULES = YES;
				CLANG_ENABLE_OBJC_ARC = YES;
				CLANG_ENABLE_OBJC_WEAK = YES;
				CLANG_WARN_BLOCK_CAPTURE_AUTORELEASING = YES;
				CLANG_WARN_BOOL_CONVERSION = YES;
				CLANG_WARN_COMMA = YES;
				CLANG_WARN_CONSTANT_CONVERSION = YES;
				CLANG_WARN_DEPRECATED_OBJC_IMPLEMENTATIONS = YES;
				CLANG_WARN_DIRECT_OBJC_ISA_USAGE = YES_ERROR;
				CLANG_WARN_DOCUMENTATION_COMMENTS = YES;
				CLANG_WARN_EMPTY_BODY = YES;
				CLANG_WARN_ENUM_CONVERSION = YES;
				CLANG_WARN_INFINITE_RECURSION = YES;
				CLANG_WARN_INT_CONVERSION = YES;
				CLANG_WARN_NON_LITERAL_NULL_CONVERSION = YES;
				CLANG_WARN_OBJC_IMPLICIT_RETAIN_SELF = YES;
				CLANG_WARN_OBJC_LITERAL_CONVERSION = YES;
				CLANG_WARN_OBJC_ROOT_CLASS = YES_ERROR;
				CLANG_WARN_QUOTED_INCLUDE_IN_FRAMEWORK_HEADER = YES;
				CLANG_WARN_RANGE_LOOP_ANALYSIS = YES;
				CLANG_WARN_STRICT_PROTOTYPES = YES;
				CLANG_WARN_SUSPICIOUS_MOVE = YES;
				CLANG_WARN_UNGUARDED_AVAILABILITY = YES_AGGRESSIVE;
				CLANG_WARN_UNREACHABLE_CODE = YES;
				CLANG_WARN__DUPLICATE_METHOD_MATCH = YES;
				COPY_PHASE_STRIP = NO;
				DEBUG_INFORMATION_FORMAT = "dwarf-with-dsym";
				ENABLE_NS_ASSERTIONS = NO;
				ENABLE_STRICT_OBJC_MSGSEND = YES;
				GCC_C_LANGUAGE_STANDARD = gnu11;
				GCC_NO_COMMON_BLOCKS = YES;
				GCC_WARN_64_TO_32_BIT_CONVERSION = YES;
				GCC_WARN_ABOUT_RETURN_TYPE = YES_ERROR;
				GCC_WARN_UNDECLARED_SELECTOR = YES;
				GCC_WARN_UNINITIALIZED_AUTOS = YES_AGGRESSIVE;
				GCC_WARN_UNUSED_FUNCTION = YES;
				GCC_WARN_UNUSED_VARIABLE = YES;
				IPHONEOS_DEPLOYMENT_TARGET = 16.4;
				MTL_ENABLE_DEBUG_INFO = NO;
				MTL_FAST_MATH = YES;
				SDKROOT = iphoneos;
				SWIFT_COMPILATION_MODE = wholemodule;
				SWIFT_OPTIMIZATION_LEVEL = "-O";
				VALIDATE_PRODUCT = YES;
			};
			name = Release;
		};
		2238054D2A437E3D00EDA662 /* Debug */ = {
			isa = XCBuildConfiguration;
			baseConfigurationReference = DB4413761FF19C5195B6EFF2 /* Pods-WellBlog.debug.xcconfig */;
			buildSettings = {
				ASSETCATALOG_COMPILER_APPICON_NAME = AppIcon;
				ASSETCATALOG_COMPILER_GLOBAL_ACCENT_COLOR_NAME = AccentColor;
				CODE_SIGN_STYLE = Automatic;
				CURRENT_PROJECT_VERSION = 1;
				DEVELOPMENT_TEAM = 9BC293Z6NF;
				GENERATE_INFOPLIST_FILE = YES;
				INFOPLIST_FILE = "WellBlog/Support Files/Info.plist";
				INFOPLIST_KEY_UIApplicationSupportsIndirectInputEvents = YES;
				INFOPLIST_KEY_UILaunchStoryboardName = LaunchScreen;
				INFOPLIST_KEY_UIMainStoryboardFile = "";
				INFOPLIST_KEY_UISupportedInterfaceOrientations_iPad = "UIInterfaceOrientationPortrait UIInterfaceOrientationPortraitUpsideDown UIInterfaceOrientationLandscapeLeft UIInterfaceOrientationLandscapeRight";
				INFOPLIST_KEY_UISupportedInterfaceOrientations_iPhone = "UIInterfaceOrientationPortrait UIInterfaceOrientationLandscapeLeft UIInterfaceOrientationLandscapeRight";
				IPHONEOS_DEPLOYMENT_TARGET = 16.0;
				LD_RUNPATH_SEARCH_PATHS = (
					"$(inherited)",
					"@executable_path/Frameworks",
				);
				MARKETING_VERSION = 1.0;
				PRODUCT_BUNDLE_IDENTIFIER = com.wnhirsch.WellBlog;
				PRODUCT_NAME = "$(TARGET_NAME)";
				SWIFT_EMIT_LOC_STRINGS = YES;
				SWIFT_VERSION = 5.0;
				TARGETED_DEVICE_FAMILY = "1,2";
			};
			name = Debug;
		};
		2238054E2A437E3D00EDA662 /* Release */ = {
			isa = XCBuildConfiguration;
			baseConfigurationReference = 5E8635D8A6E3038278C2D905 /* Pods-WellBlog.release.xcconfig */;
			buildSettings = {
				ASSETCATALOG_COMPILER_APPICON_NAME = AppIcon;
				ASSETCATALOG_COMPILER_GLOBAL_ACCENT_COLOR_NAME = AccentColor;
				CODE_SIGN_STYLE = Automatic;
				CURRENT_PROJECT_VERSION = 1;
				DEVELOPMENT_TEAM = 9BC293Z6NF;
				GENERATE_INFOPLIST_FILE = YES;
				INFOPLIST_FILE = "WellBlog/Support Files/Info.plist";
				INFOPLIST_KEY_UIApplicationSupportsIndirectInputEvents = YES;
				INFOPLIST_KEY_UILaunchStoryboardName = LaunchScreen;
				INFOPLIST_KEY_UIMainStoryboardFile = "";
				INFOPLIST_KEY_UISupportedInterfaceOrientations_iPad = "UIInterfaceOrientationPortrait UIInterfaceOrientationPortraitUpsideDown UIInterfaceOrientationLandscapeLeft UIInterfaceOrientationLandscapeRight";
				INFOPLIST_KEY_UISupportedInterfaceOrientations_iPhone = "UIInterfaceOrientationPortrait UIInterfaceOrientationLandscapeLeft UIInterfaceOrientationLandscapeRight";
				IPHONEOS_DEPLOYMENT_TARGET = 16.0;
				LD_RUNPATH_SEARCH_PATHS = (
					"$(inherited)",
					"@executable_path/Frameworks",
				);
				MARKETING_VERSION = 1.0;
				PRODUCT_BUNDLE_IDENTIFIER = com.wnhirsch.WellBlog;
				PRODUCT_NAME = "$(TARGET_NAME)";
				SWIFT_EMIT_LOC_STRINGS = YES;
				SWIFT_VERSION = 5.0;
				TARGETED_DEVICE_FAMILY = "1,2";
			};
			name = Release;
		};
		223805502A437E3D00EDA662 /* Debug */ = {
			isa = XCBuildConfiguration;
			baseConfigurationReference = 1BD4713C684115A53D8B470F /* Pods-WellBlogTests.debug.xcconfig */;
			buildSettings = {
				ALWAYS_EMBED_SWIFT_STANDARD_LIBRARIES = YES;
				BUNDLE_LOADER = "$(TEST_HOST)";
				CODE_SIGN_STYLE = Automatic;
				CURRENT_PROJECT_VERSION = 1;
				DEVELOPMENT_TEAM = 9BC293Z6NF;
				GENERATE_INFOPLIST_FILE = YES;
				IPHONEOS_DEPLOYMENT_TARGET = 16.4;
				MARKETING_VERSION = 1.0;
				PRODUCT_BUNDLE_IDENTIFIER = com.wnhirsch.WellBlogTests;
				PRODUCT_NAME = "$(TARGET_NAME)";
				SWIFT_EMIT_LOC_STRINGS = NO;
				SWIFT_VERSION = 5.0;
				TARGETED_DEVICE_FAMILY = "1,2";
				TEST_HOST = "$(BUILT_PRODUCTS_DIR)/WellBlog.app/$(BUNDLE_EXECUTABLE_FOLDER_PATH)/WellBlog";
			};
			name = Debug;
		};
		223805512A437E3D00EDA662 /* Release */ = {
			isa = XCBuildConfiguration;
			baseConfigurationReference = C9BB5FD4A9532D4A8B6F1BFF /* Pods-WellBlogTests.release.xcconfig */;
			buildSettings = {
				ALWAYS_EMBED_SWIFT_STANDARD_LIBRARIES = YES;
				BUNDLE_LOADER = "$(TEST_HOST)";
				CODE_SIGN_STYLE = Automatic;
				CURRENT_PROJECT_VERSION = 1;
				DEVELOPMENT_TEAM = 9BC293Z6NF;
				GENERATE_INFOPLIST_FILE = YES;
				IPHONEOS_DEPLOYMENT_TARGET = 16.4;
				MARKETING_VERSION = 1.0;
				PRODUCT_BUNDLE_IDENTIFIER = com.wnhirsch.WellBlogTests;
				PRODUCT_NAME = "$(TARGET_NAME)";
				SWIFT_EMIT_LOC_STRINGS = NO;
				SWIFT_VERSION = 5.0;
				TARGETED_DEVICE_FAMILY = "1,2";
				TEST_HOST = "$(BUILT_PRODUCTS_DIR)/WellBlog.app/$(BUNDLE_EXECUTABLE_FOLDER_PATH)/WellBlog";
			};
			name = Release;
		};
		223805532A437E3D00EDA662 /* Debug */ = {
			isa = XCBuildConfiguration;
			baseConfigurationReference = 8F473A0515ED83214FB2ABE4 /* Pods-WellBlogUITests.debug.xcconfig */;
			buildSettings = {
				ALWAYS_EMBED_SWIFT_STANDARD_LIBRARIES = YES;
				CODE_SIGN_STYLE = Automatic;
				CURRENT_PROJECT_VERSION = 1;
				DEVELOPMENT_TEAM = 9BC293Z6NF;
				GENERATE_INFOPLIST_FILE = YES;
				MARKETING_VERSION = 1.0;
				PRODUCT_BUNDLE_IDENTIFIER = com.wnhirsch.WellBlogUITests;
				PRODUCT_NAME = "$(TARGET_NAME)";
				SWIFT_EMIT_LOC_STRINGS = NO;
				SWIFT_VERSION = 5.0;
				TARGETED_DEVICE_FAMILY = "1,2";
				TEST_TARGET_NAME = WellBlog;
			};
			name = Debug;
		};
		223805542A437E3D00EDA662 /* Release */ = {
			isa = XCBuildConfiguration;
			baseConfigurationReference = C8BB307AE506FA366C8E849C /* Pods-WellBlogUITests.release.xcconfig */;
			buildSettings = {
				ALWAYS_EMBED_SWIFT_STANDARD_LIBRARIES = YES;
				CODE_SIGN_STYLE = Automatic;
				CURRENT_PROJECT_VERSION = 1;
				DEVELOPMENT_TEAM = 9BC293Z6NF;
				GENERATE_INFOPLIST_FILE = YES;
				MARKETING_VERSION = 1.0;
				PRODUCT_BUNDLE_IDENTIFIER = com.wnhirsch.WellBlogUITests;
				PRODUCT_NAME = "$(TARGET_NAME)";
				SWIFT_EMIT_LOC_STRINGS = NO;
				SWIFT_VERSION = 5.0;
				TARGETED_DEVICE_FAMILY = "1,2";
				TEST_TARGET_NAME = WellBlog;
			};
			name = Release;
		};
/* End XCBuildConfiguration section */

/* Begin XCConfigurationList section */
		2238051D2A437E3C00EDA662 /* Build configuration list for PBXProject "WellBlog" */ = {
			isa = XCConfigurationList;
			buildConfigurations = (
				2238054A2A437E3D00EDA662 /* Debug */,
				2238054B2A437E3D00EDA662 /* Release */,
			);
			defaultConfigurationIsVisible = 0;
			defaultConfigurationName = Release;
		};
		2238054C2A437E3D00EDA662 /* Build configuration list for PBXNativeTarget "WellBlog" */ = {
			isa = XCConfigurationList;
			buildConfigurations = (
				2238054D2A437E3D00EDA662 /* Debug */,
				2238054E2A437E3D00EDA662 /* Release */,
			);
			defaultConfigurationIsVisible = 0;
			defaultConfigurationName = Release;
		};
		2238054F2A437E3D00EDA662 /* Build configuration list for PBXNativeTarget "WellBlogTests" */ = {
			isa = XCConfigurationList;
			buildConfigurations = (
				223805502A437E3D00EDA662 /* Debug */,
				223805512A437E3D00EDA662 /* Release */,
			);
			defaultConfigurationIsVisible = 0;
			defaultConfigurationName = Release;
		};
		223805522A437E3D00EDA662 /* Build configuration list for PBXNativeTarget "WellBlogUITests" */ = {
			isa = XCConfigurationList;
			buildConfigurations = (
				223805532A437E3D00EDA662 /* Debug */,
				223805542A437E3D00EDA662 /* Release */,
			);
			defaultConfigurationIsVisible = 0;
			defaultConfigurationName = Release;
		};
/* End XCConfigurationList section */
	};
	rootObject = 2238051A2A437E3C00EDA662 /* Project object */;
}
